// !$*UTF8*$!
{
	archiveVersion = 1;
	classes = {
	};
	objectVersion = 46;
	objects = {

/* Begin PBXBuildFile section */
		172D88DA47D84AD0B59DA1D4 /* libPods.a in Frameworks */ = {isa = PBXBuildFile; fileRef = 9C626FCE46FE4DD8A136D8A0 /* libPods.a */; };
		334B87205849456FB526BCFE /* libPods-HueAppTest.a in Frameworks */ = {isa = PBXBuildFile; fileRef = A4509B68A8174420A5885CA0 /* libPods-HueAppTest.a */; };
		9B5D09BA189243CD00C88AD2 /* Foundation.framework in Frameworks */ = {isa = PBXBuildFile; fileRef = 9B5D09B9189243CD00C88AD2 /* Foundation.framework */; };
		9B5D09BC189243CD00C88AD2 /* CoreGraphics.framework in Frameworks */ = {isa = PBXBuildFile; fileRef = 9B5D09BB189243CD00C88AD2 /* CoreGraphics.framework */; };
		9B5D09BE189243CD00C88AD2 /* UIKit.framework in Frameworks */ = {isa = PBXBuildFile; fileRef = 9B5D09BD189243CD00C88AD2 /* UIKit.framework */; };
		9B5D09C4189243CD00C88AD2 /* InfoPlist.strings in Resources */ = {isa = PBXBuildFile; fileRef = 9B5D09C2189243CD00C88AD2 /* InfoPlist.strings */; };
		9B5D09C6189243CD00C88AD2 /* main.m in Sources */ = {isa = PBXBuildFile; fileRef = 9B5D09C5189243CD00C88AD2 /* main.m */; };
		9B5D09CA189243CD00C88AD2 /* AppDelegate.m in Sources */ = {isa = PBXBuildFile; fileRef = 9B5D09C9189243CD00C88AD2 /* AppDelegate.m */; };
		9B5D09CD189243CD00C88AD2 /* Main_iPhone.storyboard in Resources */ = {isa = PBXBuildFile; fileRef = 9B5D09CB189243CD00C88AD2 /* Main_iPhone.storyboard */; };
		9B5D09D0189243CD00C88AD2 /* Main_iPad.storyboard in Resources */ = {isa = PBXBuildFile; fileRef = 9B5D09CE189243CD00C88AD2 /* Main_iPad.storyboard */; };
		9B5D09D3189243CD00C88AD2 /* LeaderboardViewController.m in Sources */ = {isa = PBXBuildFile; fileRef = 9B5D09D2189243CD00C88AD2 /* LeaderboardViewController.m */; };
		9B5D09D5189243CD00C88AD2 /* Images.xcassets in Resources */ = {isa = PBXBuildFile; fileRef = 9B5D09D4189243CD00C88AD2 /* Images.xcassets */; };
		9B5D09DC189243CD00C88AD2 /* XCTest.framework in Frameworks */ = {isa = PBXBuildFile; fileRef = 9B5D09DB189243CD00C88AD2 /* XCTest.framework */; };
		9B5D09DD189243CD00C88AD2 /* Foundation.framework in Frameworks */ = {isa = PBXBuildFile; fileRef = 9B5D09B9189243CD00C88AD2 /* Foundation.framework */; };
		9B5D09DE189243CD00C88AD2 /* UIKit.framework in Frameworks */ = {isa = PBXBuildFile; fileRef = 9B5D09BD189243CD00C88AD2 /* UIKit.framework */; };
		9B5D09E6189243CD00C88AD2 /* InfoPlist.strings in Resources */ = {isa = PBXBuildFile; fileRef = 9B5D09E4189243CD00C88AD2 /* InfoPlist.strings */; };
		9B5D09E8189243CD00C88AD2 /* HueAppTests.m in Sources */ = {isa = PBXBuildFile; fileRef = 9B5D09E7189243CD00C88AD2 /* HueAppTests.m */; };
		9B5D09F3189243D700C88AD2 /* LeaderboardViewController.m in Sources */ = {isa = PBXBuildFile; fileRef = 9B5D09D2189243CD00C88AD2 /* LeaderboardViewController.m */; };
		9B5D09F4189243D700C88AD2 /* AppDelegate.m in Sources */ = {isa = PBXBuildFile; fileRef = 9B5D09C9189243CD00C88AD2 /* AppDelegate.m */; };
		9B5D09F5189243D700C88AD2 /* main.m in Sources */ = {isa = PBXBuildFile; fileRef = 9B5D09C5189243CD00C88AD2 /* main.m */; };
		9B5D09F7189243D700C88AD2 /* CoreGraphics.framework in Frameworks */ = {isa = PBXBuildFile; fileRef = 9B5D09BB189243CD00C88AD2 /* CoreGraphics.framework */; };
		9B5D09F8189243D700C88AD2 /* UIKit.framework in Frameworks */ = {isa = PBXBuildFile; fileRef = 9B5D09BD189243CD00C88AD2 /* UIKit.framework */; };
		9B5D09F9189243D700C88AD2 /* Foundation.framework in Frameworks */ = {isa = PBXBuildFile; fileRef = 9B5D09B9189243CD00C88AD2 /* Foundation.framework */; };
		9B5D09FB189243D700C88AD2 /* Main_iPad.storyboard in Resources */ = {isa = PBXBuildFile; fileRef = 9B5D09CE189243CD00C88AD2 /* Main_iPad.storyboard */; };
		9B5D09FC189243D700C88AD2 /* Images.xcassets in Resources */ = {isa = PBXBuildFile; fileRef = 9B5D09D4189243CD00C88AD2 /* Images.xcassets */; };
		9B5D09FD189243D700C88AD2 /* Main_iPhone.storyboard in Resources */ = {isa = PBXBuildFile; fileRef = 9B5D09CB189243CD00C88AD2 /* Main_iPhone.storyboard */; };
		9B5D09FE189243D700C88AD2 /* InfoPlist.strings in Resources */ = {isa = PBXBuildFile; fileRef = 9B5D09C2189243CD00C88AD2 /* InfoPlist.strings */; };
		BEC747EA18946CCF006944A8 /* RSHueController.m in Sources */ = {isa = PBXBuildFile; fileRef = BEC747E918946CCF006944A8 /* RSHueController.m */; };
		BEC747EB18946CCF006944A8 /* RSHueController.m in Sources */ = {isa = PBXBuildFile; fileRef = BEC747E918946CCF006944A8 /* RSHueController.m */; };
		BEC747EE1894714C006944A8 /* RSHueBridgeSelectViewController.m in Sources */ = {isa = PBXBuildFile; fileRef = BEC747ED1894714C006944A8 /* RSHueBridgeSelectViewController.m */; };
		BEC747EF1894714C006944A8 /* RSHueBridgeSelectViewController.m in Sources */ = {isa = PBXBuildFile; fileRef = BEC747ED1894714C006944A8 /* RSHueBridgeSelectViewController.m */; };
		BEC747F71895843D006944A8 /* RSHuePushlinkViewController.m in Sources */ = {isa = PBXBuildFile; fileRef = BEC747F61895843D006944A8 /* RSHuePushlinkViewController.m */; };
		BEC747F81895843D006944A8 /* RSHuePushlinkViewController.m in Sources */ = {isa = PBXBuildFile; fileRef = BEC747F61895843D006944A8 /* RSHuePushlinkViewController.m */; };
		BEC7481418958F34006944A8 /* UIImage+H568.m in Sources */ = {isa = PBXBuildFile; fileRef = BEC7481318958F34006944A8 /* UIImage+H568.m */; };
		BEC7481518958F34006944A8 /* UIImage+H568.m in Sources */ = {isa = PBXBuildFile; fileRef = BEC7481318958F34006944A8 /* UIImage+H568.m */; };
		BEC748181895B70B006944A8 /* CountrySelectViewController.m in Sources */ = {isa = PBXBuildFile; fileRef = BEC748171895B70B006944A8 /* CountrySelectViewController.m */; };
		BEC748191895B70B006944A8 /* CountrySelectViewController.m in Sources */ = {isa = PBXBuildFile; fileRef = BEC748171895B70B006944A8 /* CountrySelectViewController.m */; };
		BEC7481C1895B9CA006944A8 /* LeaderboardTableViewCell.m in Sources */ = {isa = PBXBuildFile; fileRef = BEC7481B1895B9CA006944A8 /* LeaderboardTableViewCell.m */; };
		BEC7481D1895B9CA006944A8 /* LeaderboardTableViewCell.m in Sources */ = {isa = PBXBuildFile; fileRef = BEC7481B1895B9CA006944A8 /* LeaderboardTableViewCell.m */; };
		BEDF2ADC189D84B100B20C80 /* Constants.m in Sources */ = {isa = PBXBuildFile; fileRef = BEDF2ADB189D84B100B20C80 /* Constants.m */; };
		BEDF2ADD189D84B100B20C80 /* Constants.m in Sources */ = {isa = PBXBuildFile; fileRef = BEDF2ADB189D84B100B20C80 /* Constants.m */; };
		BEDF2AEC189D935500B20C80 /* background_blur-568h@2x.jpg in Resources */ = {isa = PBXBuildFile; fileRef = BEDF2AE5189D935500B20C80 /* background_blur-568h@2x.jpg */; };
		BEDF2AED189D935500B20C80 /* background_blur-568h@2x.jpg in Resources */ = {isa = PBXBuildFile; fileRef = BEDF2AE5189D935500B20C80 /* background_blur-568h@2x.jpg */; };
		BEDF2AEE189D935500B20C80 /* background_blur.jpg in Resources */ = {isa = PBXBuildFile; fileRef = BEDF2AE6189D935500B20C80 /* background_blur.jpg */; };
		BEDF2AEF189D935500B20C80 /* background_blur.jpg in Resources */ = {isa = PBXBuildFile; fileRef = BEDF2AE6189D935500B20C80 /* background_blur.jpg */; };
		BEDF2AF0189D935500B20C80 /* background_blur@2x.jpg in Resources */ = {isa = PBXBuildFile; fileRef = BEDF2AE7189D935500B20C80 /* background_blur@2x.jpg */; };
		BEDF2AF1189D935500B20C80 /* background_blur@2x.jpg in Resources */ = {isa = PBXBuildFile; fileRef = BEDF2AE7189D935500B20C80 /* background_blur@2x.jpg */; };
		BEDF2AF2189D935500B20C80 /* icon_sync-568h@2x.png in Resources */ = {isa = PBXBuildFile; fileRef = BEDF2AE9189D935500B20C80 /* icon_sync-568h@2x.png */; };
		BEDF2AF3189D935500B20C80 /* icon_sync-568h@2x.png in Resources */ = {isa = PBXBuildFile; fileRef = BEDF2AE9189D935500B20C80 /* icon_sync-568h@2x.png */; };
		BEDF2AF4189D935500B20C80 /* icon_sync.png in Resources */ = {isa = PBXBuildFile; fileRef = BEDF2AEA189D935500B20C80 /* icon_sync.png */; };
		BEDF2AF5189D935500B20C80 /* icon_sync.png in Resources */ = {isa = PBXBuildFile; fileRef = BEDF2AEA189D935500B20C80 /* icon_sync.png */; };
		BEDF2AF6189D935500B20C80 /* icon_sync@2x.png in Resources */ = {isa = PBXBuildFile; fileRef = BEDF2AEB189D935500B20C80 /* icon_sync@2x.png */; };
		BEDF2AF7189D935500B20C80 /* icon_sync@2x.png in Resources */ = {isa = PBXBuildFile; fileRef = BEDF2AEB189D935500B20C80 /* icon_sync@2x.png */; };
		BEDF2AFB189D969000B20C80 /* LeaderboardDetailsViewController.m in Sources */ = {isa = PBXBuildFile; fileRef = BEDF2AFA189D969000B20C80 /* LeaderboardDetailsViewController.m */; };
		BEDF2AFC189D969000B20C80 /* LeaderboardDetailsViewController.m in Sources */ = {isa = PBXBuildFile; fileRef = BEDF2AFA189D969000B20C80 /* LeaderboardDetailsViewController.m */; };
		BEDF2B01189D972600B20C80 /* HueControlsViewController.m in Sources */ = {isa = PBXBuildFile; fileRef = BEDF2B00189D972600B20C80 /* HueControlsViewController.m */; };
		BEDF2B02189D972600B20C80 /* HueControlsViewController.m in Sources */ = {isa = PBXBuildFile; fileRef = BEDF2B00189D972600B20C80 /* HueControlsViewController.m */; };
		BEF87B2C18944E1C00FFFF15 /* HueSDK_iOS.framework in Frameworks */ = {isa = PBXBuildFile; fileRef = BEF87B2B18944E1B00FFFF15 /* HueSDK_iOS.framework */; };
		BEF87B2D18944E1C00FFFF15 /* HueSDK_iOS.framework in Frameworks */ = {isa = PBXBuildFile; fileRef = BEF87B2B18944E1B00FFFF15 /* HueSDK_iOS.framework */; };
/* End PBXBuildFile section */

/* Begin PBXContainerItemProxy section */
		9B5D09DF189243CD00C88AD2 /* PBXContainerItemProxy */ = {
			isa = PBXContainerItemProxy;
			containerPortal = 9B5D09AE189243CD00C88AD2 /* Project object */;
			proxyType = 1;
			remoteGlobalIDString = 9B5D09B5189243CD00C88AD2;
			remoteInfo = HueApp;
		};
/* End PBXContainerItemProxy section */

/* Begin PBXFileReference section */
		4138AEFF7A6A4F5DBCEC47BC /* Pods.xcconfig */ = {isa = PBXFileReference; includeInIndex = 1; lastKnownFileType = text.xcconfig; name = Pods.xcconfig; path = Pods/Pods.xcconfig; sourceTree = "<group>"; };
		5480CDD9D67541758A419852 /* Pods-HueAppTest.xcconfig */ = {isa = PBXFileReference; includeInIndex = 1; lastKnownFileType = text.xcconfig; name = "Pods-HueAppTest.xcconfig"; path = "Pods/Pods-HueAppTest.xcconfig"; sourceTree = "<group>"; };
		9B5D09B6189243CD00C88AD2 /* HueApp.app */ = {isa = PBXFileReference; explicitFileType = wrapper.application; includeInIndex = 0; path = HueApp.app; sourceTree = BUILT_PRODUCTS_DIR; };
		9B5D09B9189243CD00C88AD2 /* Foundation.framework */ = {isa = PBXFileReference; lastKnownFileType = wrapper.framework; name = Foundation.framework; path = System/Library/Frameworks/Foundation.framework; sourceTree = SDKROOT; };
		9B5D09BB189243CD00C88AD2 /* CoreGraphics.framework */ = {isa = PBXFileReference; lastKnownFileType = wrapper.framework; name = CoreGraphics.framework; path = System/Library/Frameworks/CoreGraphics.framework; sourceTree = SDKROOT; };
		9B5D09BD189243CD00C88AD2 /* UIKit.framework */ = {isa = PBXFileReference; lastKnownFileType = wrapper.framework; name = UIKit.framework; path = System/Library/Frameworks/UIKit.framework; sourceTree = SDKROOT; };
		9B5D09C1189243CD00C88AD2 /* HueApp-Info.plist */ = {isa = PBXFileReference; lastKnownFileType = text.plist.xml; path = "HueApp-Info.plist"; sourceTree = "<group>"; };
		9B5D09C3189243CD00C88AD2 /* en */ = {isa = PBXFileReference; lastKnownFileType = text.plist.strings; name = en; path = en.lproj/InfoPlist.strings; sourceTree = "<group>"; };
		9B5D09C5189243CD00C88AD2 /* main.m */ = {isa = PBXFileReference; lastKnownFileType = sourcecode.c.objc; path = main.m; sourceTree = "<group>"; };
		9B5D09C7189243CD00C88AD2 /* HueApp-Prefix.pch */ = {isa = PBXFileReference; lastKnownFileType = sourcecode.c.h; path = "HueApp-Prefix.pch"; sourceTree = "<group>"; };
		9B5D09C8189243CD00C88AD2 /* AppDelegate.h */ = {isa = PBXFileReference; lastKnownFileType = sourcecode.c.h; path = AppDelegate.h; sourceTree = "<group>"; };
		9B5D09C9189243CD00C88AD2 /* AppDelegate.m */ = {isa = PBXFileReference; lastKnownFileType = sourcecode.c.objc; path = AppDelegate.m; sourceTree = "<group>"; };
		9B5D09CC189243CD00C88AD2 /* Base */ = {isa = PBXFileReference; lastKnownFileType = file.storyboard; name = Base; path = Base.lproj/Main_iPhone.storyboard; sourceTree = "<group>"; };
		9B5D09CF189243CD00C88AD2 /* Base */ = {isa = PBXFileReference; lastKnownFileType = file.storyboard; name = Base; path = Base.lproj/Main_iPad.storyboard; sourceTree = "<group>"; };
		9B5D09D1189243CD00C88AD2 /* LeaderboardViewController.h */ = {isa = PBXFileReference; lastKnownFileType = sourcecode.c.h; path = LeaderboardViewController.h; sourceTree = "<group>"; };
		9B5D09D2189243CD00C88AD2 /* LeaderboardViewController.m */ = {isa = PBXFileReference; lastKnownFileType = sourcecode.c.objc; path = LeaderboardViewController.m; sourceTree = "<group>"; };
		9B5D09D4189243CD00C88AD2 /* Images.xcassets */ = {isa = PBXFileReference; lastKnownFileType = folder.assetcatalog; path = Images.xcassets; sourceTree = "<group>"; };
		9B5D09DA189243CD00C88AD2 /* HueAppTests.xctest */ = {isa = PBXFileReference; explicitFileType = wrapper.cfbundle; includeInIndex = 0; path = HueAppTests.xctest; sourceTree = BUILT_PRODUCTS_DIR; };
		9B5D09DB189243CD00C88AD2 /* XCTest.framework */ = {isa = PBXFileReference; lastKnownFileType = wrapper.framework; name = XCTest.framework; path = Library/Frameworks/XCTest.framework; sourceTree = DEVELOPER_DIR; };
		9B5D09E3189243CD00C88AD2 /* HueAppTests-Info.plist */ = {isa = PBXFileReference; lastKnownFileType = text.plist.xml; path = "HueAppTests-Info.plist"; sourceTree = "<group>"; };
		9B5D09E5189243CD00C88AD2 /* en */ = {isa = PBXFileReference; lastKnownFileType = text.plist.strings; name = en; path = en.lproj/InfoPlist.strings; sourceTree = "<group>"; };
		9B5D09E7189243CD00C88AD2 /* HueAppTests.m */ = {isa = PBXFileReference; lastKnownFileType = sourcecode.c.objc; path = HueAppTests.m; sourceTree = "<group>"; };
		9B5D0A02189243D700C88AD2 /* HueApp Test.app */ = {isa = PBXFileReference; explicitFileType = wrapper.application; includeInIndex = 0; path = "HueApp Test.app"; sourceTree = BUILT_PRODUCTS_DIR; };
		9B5D0A03189243D700C88AD2 /* HueAppTest-Info.plist */ = {isa = PBXFileReference; lastKnownFileType = text.plist.xml; name = "HueAppTest-Info.plist"; path = "/Users/rudistrahl/Source/iOS/HueApp/HueApp/HueAppTest-Info.plist"; sourceTree = "<absolute>"; };
		9C626FCE46FE4DD8A136D8A0 /* libPods.a */ = {isa = PBXFileReference; explicitFileType = archive.ar; includeInIndex = 0; path = libPods.a; sourceTree = BUILT_PRODUCTS_DIR; };
		A4509B68A8174420A5885CA0 /* libPods-HueAppTest.a */ = {isa = PBXFileReference; explicitFileType = archive.ar; includeInIndex = 0; path = "libPods-HueAppTest.a"; sourceTree = BUILT_PRODUCTS_DIR; };
		BEC747E818946CCF006944A8 /* RSHueController.h */ = {isa = PBXFileReference; fileEncoding = 4; lastKnownFileType = sourcecode.c.h; path = RSHueController.h; sourceTree = "<group>"; };
		BEC747E918946CCF006944A8 /* RSHueController.m */ = {isa = PBXFileReference; fileEncoding = 4; lastKnownFileType = sourcecode.c.objc; path = RSHueController.m; sourceTree = "<group>"; };
		BEC747EC1894714C006944A8 /* RSHueBridgeSelectViewController.h */ = {isa = PBXFileReference; fileEncoding = 4; lastKnownFileType = sourcecode.c.h; path = RSHueBridgeSelectViewController.h; sourceTree = "<group>"; };
		BEC747ED1894714C006944A8 /* RSHueBridgeSelectViewController.m */ = {isa = PBXFileReference; fileEncoding = 4; lastKnownFileType = sourcecode.c.objc; path = RSHueBridgeSelectViewController.m; sourceTree = "<group>"; };
		BEC747F51895843D006944A8 /* RSHuePushlinkViewController.h */ = {isa = PBXFileReference; fileEncoding = 4; lastKnownFileType = sourcecode.c.h; path = RSHuePushlinkViewController.h; sourceTree = "<group>"; };
		BEC747F61895843D006944A8 /* RSHuePushlinkViewController.m */ = {isa = PBXFileReference; fileEncoding = 4; lastKnownFileType = sourcecode.c.objc; path = RSHuePushlinkViewController.m; sourceTree = "<group>"; };
		BEC7481318958F34006944A8 /* UIImage+H568.m */ = {isa = PBXFileReference; fileEncoding = 4; lastKnownFileType = sourcecode.c.objc; path = "UIImage+H568.m"; sourceTree = "<group>"; };
		BEC748161895B70B006944A8 /* CountrySelectViewController.h */ = {isa = PBXFileReference; fileEncoding = 4; lastKnownFileType = sourcecode.c.h; path = CountrySelectViewController.h; sourceTree = "<group>"; };
		BEC748171895B70B006944A8 /* CountrySelectViewController.m */ = {isa = PBXFileReference; fileEncoding = 4; lastKnownFileType = sourcecode.c.objc; path = CountrySelectViewController.m; sourceTree = "<group>"; };
		BEC7481A1895B9CA006944A8 /* LeaderboardTableViewCell.h */ = {isa = PBXFileReference; fileEncoding = 4; lastKnownFileType = sourcecode.c.h; path = LeaderboardTableViewCell.h; sourceTree = "<group>"; };
		BEC7481B1895B9CA006944A8 /* LeaderboardTableViewCell.m */ = {isa = PBXFileReference; fileEncoding = 4; lastKnownFileType = sourcecode.c.objc; path = LeaderboardTableViewCell.m; sourceTree = "<group>"; };
		BEDF2ADA189D84B100B20C80 /* Constants.h */ = {isa = PBXFileReference; fileEncoding = 4; lastKnownFileType = sourcecode.c.h; path = Constants.h; sourceTree = "<group>"; };
		BEDF2ADB189D84B100B20C80 /* Constants.m */ = {isa = PBXFileReference; fileEncoding = 4; lastKnownFileType = sourcecode.c.objc; path = Constants.m; sourceTree = "<group>"; };
		BEDF2AE5189D935500B20C80 /* background_blur-568h@2x.jpg */ = {isa = PBXFileReference; lastKnownFileType = image.jpeg; path = "background_blur-568h@2x.jpg"; sourceTree = "<group>"; };
		BEDF2AE6189D935500B20C80 /* background_blur.jpg */ = {isa = PBXFileReference; lastKnownFileType = image.jpeg; path = background_blur.jpg; sourceTree = "<group>"; };
		BEDF2AE7189D935500B20C80 /* background_blur@2x.jpg */ = {isa = PBXFileReference; lastKnownFileType = image.jpeg; path = "background_blur@2x.jpg"; sourceTree = "<group>"; };
		BEDF2AE9189D935500B20C80 /* icon_sync-568h@2x.png */ = {isa = PBXFileReference; lastKnownFileType = image.png; path = "icon_sync-568h@2x.png"; sourceTree = "<group>"; };
		BEDF2AEA189D935500B20C80 /* icon_sync.png */ = {isa = PBXFileReference; lastKnownFileType = image.png; path = icon_sync.png; sourceTree = "<group>"; };
		BEDF2AEB189D935500B20C80 /* icon_sync@2x.png */ = {isa = PBXFileReference; lastKnownFileType = image.png; path = "icon_sync@2x.png"; sourceTree = "<group>"; };
		BEDF2AF9189D969000B20C80 /* LeaderboardDetailsViewController.h */ = {isa = PBXFileReference; fileEncoding = 4; lastKnownFileType = sourcecode.c.h; path = LeaderboardDetailsViewController.h; sourceTree = "<group>"; };
		BEDF2AFA189D969000B20C80 /* LeaderboardDetailsViewController.m */ = {isa = PBXFileReference; fileEncoding = 4; lastKnownFileType = sourcecode.c.objc; path = LeaderboardDetailsViewController.m; sourceTree = "<group>"; };
		BEDF2AFF189D972600B20C80 /* HueControlsViewController.h */ = {isa = PBXFileReference; fileEncoding = 4; lastKnownFileType = sourcecode.c.h; path = HueControlsViewController.h; sourceTree = "<group>"; };
		BEDF2B00189D972600B20C80 /* HueControlsViewController.m */ = {isa = PBXFileReference; fileEncoding = 4; lastKnownFileType = sourcecode.c.objc; path = HueControlsViewController.m; sourceTree = "<group>"; };
		BEF87B2B18944E1B00FFFF15 /* HueSDK_iOS.framework */ = {isa = PBXFileReference; lastKnownFileType = wrapper.framework; path = HueSDK_iOS.framework; sourceTree = "<group>"; };
/* End PBXFileReference section */

/* Begin PBXFrameworksBuildPhase section */
		9B5D09B3189243CD00C88AD2 /* Frameworks */ = {
			isa = PBXFrameworksBuildPhase;
			buildActionMask = 2147483647;
			files = (
				9B5D09BC189243CD00C88AD2 /* CoreGraphics.framework in Frameworks */,
				9B5D09BE189243CD00C88AD2 /* UIKit.framework in Frameworks */,
				BEF87B2C18944E1C00FFFF15 /* HueSDK_iOS.framework in Frameworks */,
				9B5D09BA189243CD00C88AD2 /* Foundation.framework in Frameworks */,
				172D88DA47D84AD0B59DA1D4 /* libPods.a in Frameworks */,
			);
			runOnlyForDeploymentPostprocessing = 0;
		};
		9B5D09D7189243CD00C88AD2 /* Frameworks */ = {
			isa = PBXFrameworksBuildPhase;
			buildActionMask = 2147483647;
			files = (
				9B5D09DC189243CD00C88AD2 /* XCTest.framework in Frameworks */,
				9B5D09DE189243CD00C88AD2 /* UIKit.framework in Frameworks */,
				9B5D09DD189243CD00C88AD2 /* Foundation.framework in Frameworks */,
			);
			runOnlyForDeploymentPostprocessing = 0;
		};
		9B5D09F6189243D700C88AD2 /* Frameworks */ = {
			isa = PBXFrameworksBuildPhase;
			buildActionMask = 2147483647;
			files = (
				9B5D09F7189243D700C88AD2 /* CoreGraphics.framework in Frameworks */,
				9B5D09F8189243D700C88AD2 /* UIKit.framework in Frameworks */,
				9B5D09F9189243D700C88AD2 /* Foundation.framework in Frameworks */,
				BEF87B2D18944E1C00FFFF15 /* HueSDK_iOS.framework in Frameworks */,
				334B87205849456FB526BCFE /* libPods-HueAppTest.a in Frameworks */,
			);
			runOnlyForDeploymentPostprocessing = 0;
		};
/* End PBXFrameworksBuildPhase section */

/* Begin PBXGroup section */
		9B5D09AD189243CD00C88AD2 = {
			isa = PBXGroup;
			children = (
				9B5D09BF189243CD00C88AD2 /* HueApp */,
				BEC747FA18958D3D006944A8 /* Resources */,
				9B5D09E1189243CD00C88AD2 /* HueAppTests */,
				9B5D09B8189243CD00C88AD2 /* Frameworks */,
				9B5D09B7189243CD00C88AD2 /* Products */,
				5480CDD9D67541758A419852 /* Pods-HueAppTest.xcconfig */,
				4138AEFF7A6A4F5DBCEC47BC /* Pods.xcconfig */,
			);
			sourceTree = "<group>";
		};
		9B5D09B7189243CD00C88AD2 /* Products */ = {
			isa = PBXGroup;
			children = (
				9B5D09B6189243CD00C88AD2 /* HueApp.app */,
				9B5D09DA189243CD00C88AD2 /* HueAppTests.xctest */,
				9B5D0A02189243D700C88AD2 /* HueApp Test.app */,
			);
			name = Products;
			sourceTree = "<group>";
		};
		9B5D09B8189243CD00C88AD2 /* Frameworks */ = {
			isa = PBXGroup;
			children = (
				BEF87B2B18944E1B00FFFF15 /* HueSDK_iOS.framework */,
				9B5D09B9189243CD00C88AD2 /* Foundation.framework */,
				9B5D09BB189243CD00C88AD2 /* CoreGraphics.framework */,
				9B5D09BD189243CD00C88AD2 /* UIKit.framework */,
				9B5D09DB189243CD00C88AD2 /* XCTest.framework */,
				A4509B68A8174420A5885CA0 /* libPods-HueAppTest.a */,
				9C626FCE46FE4DD8A136D8A0 /* libPods.a */,
			);
			name = Frameworks;
			sourceTree = "<group>";
		};
		9B5D09BF189243CD00C88AD2 /* HueApp */ = {
			isa = PBXGroup;
			children = (
				BEDF2ADA189D84B100B20C80 /* Constants.h */,
				BEDF2ADB189D84B100B20C80 /* Constants.m */,
				BEC7480D18958E61006944A8 /* Categories */,
				BEC747E718946C99006944A8 /* Hue Interface */,
				BEC748221895C2BA006944A8 /* View Controllers */,
				BEDF2AE3189D931700B20C80 /* Views */,
				9B5D09C8189243CD00C88AD2 /* AppDelegate.h */,
				9B5D09C9189243CD00C88AD2 /* AppDelegate.m */,
				9B5D09CB189243CD00C88AD2 /* Main_iPhone.storyboard */,
				9B5D09CE189243CD00C88AD2 /* Main_iPad.storyboard */,
				9B5D09D4189243CD00C88AD2 /* Images.xcassets */,
				9B5D09C0189243CD00C88AD2 /* Supporting Files */,
			);
			path = HueApp;
			sourceTree = "<group>";
		};
		9B5D09C0189243CD00C88AD2 /* Supporting Files */ = {
			isa = PBXGroup;
			children = (
				9B5D09C1189243CD00C88AD2 /* HueApp-Info.plist */,
				9B5D0A03189243D700C88AD2 /* HueAppTest-Info.plist */,
				9B5D09C2189243CD00C88AD2 /* InfoPlist.strings */,
				9B5D09C5189243CD00C88AD2 /* main.m */,
				9B5D09C7189243CD00C88AD2 /* HueApp-Prefix.pch */,
			);
			name = "Supporting Files";
			sourceTree = "<group>";
		};
		9B5D09E1189243CD00C88AD2 /* HueAppTests */ = {
			isa = PBXGroup;
			children = (
				9B5D09E7189243CD00C88AD2 /* HueAppTests.m */,
				9B5D09E2189243CD00C88AD2 /* Supporting Files */,
			);
			path = HueAppTests;
			sourceTree = "<group>";
		};
		9B5D09E2189243CD00C88AD2 /* Supporting Files */ = {
			isa = PBXGroup;
			children = (
				9B5D09E3189243CD00C88AD2 /* HueAppTests-Info.plist */,
				9B5D09E4189243CD00C88AD2 /* InfoPlist.strings */,
			);
			name = "Supporting Files";
			sourceTree = "<group>";
		};
		BEC747E718946C99006944A8 /* Hue Interface */ = {
			isa = PBXGroup;
			children = (
				BEC747E818946CCF006944A8 /* RSHueController.h */,
				BEC747E918946CCF006944A8 /* RSHueController.m */,
				BEC747EC1894714C006944A8 /* RSHueBridgeSelectViewController.h */,
				BEC747ED1894714C006944A8 /* RSHueBridgeSelectViewController.m */,
				BEC747F51895843D006944A8 /* RSHuePushlinkViewController.h */,
				BEC747F61895843D006944A8 /* RSHuePushlinkViewController.m */,
			);
			name = "Hue Interface";
			sourceTree = "<group>";
		};
		BEC747FA18958D3D006944A8 /* Resources */ = {
			isa = PBXGroup;
			children = (
				BEDF2AE4189D935500B20C80 /* backgrounds */,
				BEDF2AE8189D935500B20C80 /* icons */,
			);
			path = Resources;
			sourceTree = SOURCE_ROOT;
		};
		BEC7480D18958E61006944A8 /* Categories */ = {
			isa = PBXGroup;
			children = (
				BEC7481318958F34006944A8 /* UIImage+H568.m */,
			);
			name = Categories;
			sourceTree = "<group>";
		};
		BEC748221895C2BA006944A8 /* View Controllers */ = {
			isa = PBXGroup;
			children = (
				BEDF2AFE189D971C00B20C80 /* Hue Controls */,
				BEDF2AFD189D969700B20C80 /* Leaderboard Details */,
				BEDF2AF8189D965800B20C80 /* Leaderboard */,
				BEC748231895C2D3006944A8 /* Country Select */,
			);
			name = "View Controllers";
			sourceTree = "<group>";
		};
		BEC748231895C2D3006944A8 /* Country Select */ = {
			isa = PBXGroup;
			children = (
				BEC748161895B70B006944A8 /* CountrySelectViewController.h */,
				BEC748171895B70B006944A8 /* CountrySelectViewController.m */,
			);
			name = "Country Select";
			sourceTree = "<group>";
		};
		BEDF2AE3189D931700B20C80 /* Views */ = {
			isa = PBXGroup;
			children = (
				BEC7481A1895B9CA006944A8 /* LeaderboardTableViewCell.h */,
				BEC7481B1895B9CA006944A8 /* LeaderboardTableViewCell.m */,
			);
			name = Views;
			sourceTree = "<group>";
		};
		BEDF2AE4189D935500B20C80 /* backgrounds */ = {
			isa = PBXGroup;
			children = (
				BEDF2AE5189D935500B20C80 /* background_blur-568h@2x.jpg */,
				BEDF2AE6189D935500B20C80 /* background_blur.jpg */,
				BEDF2AE7189D935500B20C80 /* background_blur@2x.jpg */,
			);
			path = backgrounds;
			sourceTree = "<group>";
		};
		BEDF2AE8189D935500B20C80 /* icons */ = {
			isa = PBXGroup;
			children = (
				BEDF2AE9189D935500B20C80 /* icon_sync-568h@2x.png */,
				BEDF2AEA189D935500B20C80 /* icon_sync.png */,
				BEDF2AEB189D935500B20C80 /* icon_sync@2x.png */,
			);
			path = icons;
			sourceTree = "<group>";
		};
		BEDF2AF8189D965800B20C80 /* Leaderboard */ = {
			isa = PBXGroup;
			children = (
				9B5D09D1189243CD00C88AD2 /* LeaderboardViewController.h */,
				9B5D09D2189243CD00C88AD2 /* LeaderboardViewController.m */,
			);
			name = Leaderboard;
			sourceTree = "<group>";
		};
		BEDF2AFD189D969700B20C80 /* Leaderboard Details */ = {
			isa = PBXGroup;
			children = (
				BEDF2AF9189D969000B20C80 /* LeaderboardDetailsViewController.h */,
				BEDF2AFA189D969000B20C80 /* LeaderboardDetailsViewController.m */,
			);
			name = "Leaderboard Details";
			sourceTree = "<group>";
		};
		BEDF2AFE189D971C00B20C80 /* Hue Controls */ = {
			isa = PBXGroup;
			children = (
				BEDF2AFF189D972600B20C80 /* HueControlsViewController.h */,
				BEDF2B00189D972600B20C80 /* HueControlsViewController.m */,
			);
			name = "Hue Controls";
			sourceTree = "<group>";
		};
/* End PBXGroup section */

/* Begin PBXNativeTarget section */
		9B5D09B5189243CD00C88AD2 /* HueApp */ = {
			isa = PBXNativeTarget;
			buildConfigurationList = 9B5D09EB189243CD00C88AD2 /* Build configuration list for PBXNativeTarget "HueApp" */;
			buildPhases = (
				41B8AF4F6C1E4E7BA5B3E5AF /* Check Pods Manifest.lock */,
				9B5D09B2189243CD00C88AD2 /* Sources */,
				9B5D09B3189243CD00C88AD2 /* Frameworks */,
				9B5D09B4189243CD00C88AD2 /* Resources */,
				5A4C120EA60547A9AE599B2B /* Copy Pods Resources */,
			);
			buildRules = (
			);
			dependencies = (
			);
			name = HueApp;
			productName = HueApp;
			productReference = 9B5D09B6189243CD00C88AD2 /* HueApp.app */;
			productType = "com.apple.product-type.application";
		};
		9B5D09D9189243CD00C88AD2 /* HueAppTests */ = {
			isa = PBXNativeTarget;
			buildConfigurationList = 9B5D09EE189243CD00C88AD2 /* Build configuration list for PBXNativeTarget "HueAppTests" */;
			buildPhases = (
				9B5D09D6189243CD00C88AD2 /* Sources */,
				9B5D09D7189243CD00C88AD2 /* Frameworks */,
				9B5D09D8189243CD00C88AD2 /* Resources */,
			);
			buildRules = (
			);
			dependencies = (
				9B5D09E0189243CD00C88AD2 /* PBXTargetDependency */,
			);
			name = HueAppTests;
			productName = HueAppTests;
			productReference = 9B5D09DA189243CD00C88AD2 /* HueAppTests.xctest */;
			productType = "com.apple.product-type.bundle.unit-test";
		};
		9B5D09F1189243D700C88AD2 /* HueAppTest */ = {
			isa = PBXNativeTarget;
			buildConfigurationList = 9B5D09FF189243D700C88AD2 /* Build configuration list for PBXNativeTarget "HueAppTest" */;
			buildPhases = (
				0C876DCEFB2844778D914463 /* Check Pods Manifest.lock */,
				9B5D09F2189243D700C88AD2 /* Sources */,
				9B5D09F6189243D700C88AD2 /* Frameworks */,
				9B5D09FA189243D700C88AD2 /* Resources */,
				CC2C494F46934AC89CF2A93E /* Copy Pods Resources */,
			);
			buildRules = (
			);
			dependencies = (
			);
			name = HueAppTest;
			productName = HueApp;
			productReference = 9B5D0A02189243D700C88AD2 /* HueApp Test.app */;
			productType = "com.apple.product-type.application";
		};
/* End PBXNativeTarget section */

/* Begin PBXProject section */
		9B5D09AE189243CD00C88AD2 /* Project object */ = {
			isa = PBXProject;
			attributes = {
				LastUpgradeCheck = 0500;
				ORGANIZATIONNAME = "Rudi Strahl";
				TargetAttributes = {
					9B5D09D9189243CD00C88AD2 = {
						TestTargetID = 9B5D09B5189243CD00C88AD2;
					};
				};
			};
			buildConfigurationList = 9B5D09B1189243CD00C88AD2 /* Build configuration list for PBXProject "HueApp" */;
			compatibilityVersion = "Xcode 3.2";
			developmentRegion = English;
			hasScannedForEncodings = 0;
			knownRegions = (
				en,
				Base,
			);
			mainGroup = 9B5D09AD189243CD00C88AD2;
			productRefGroup = 9B5D09B7189243CD00C88AD2 /* Products */;
			projectDirPath = "";
			projectRoot = "";
			targets = (
				9B5D09B5189243CD00C88AD2 /* HueApp */,
				9B5D09F1189243D700C88AD2 /* HueAppTest */,
				9B5D09D9189243CD00C88AD2 /* HueAppTests */,
			);
		};
/* End PBXProject section */

/* Begin PBXResourcesBuildPhase section */
		9B5D09B4189243CD00C88AD2 /* Resources */ = {
			isa = PBXResourcesBuildPhase;
			buildActionMask = 2147483647;
			files = (
				BEDF2AEE189D935500B20C80 /* background_blur.jpg in Resources */,
				9B5D09D0189243CD00C88AD2 /* Main_iPad.storyboard in Resources */,
				BEDF2AF0189D935500B20C80 /* background_blur@2x.jpg in Resources */,
				BEDF2AEC189D935500B20C80 /* background_blur-568h@2x.jpg in Resources */,
				9B5D09D5189243CD00C88AD2 /* Images.xcassets in Resources */,
				9B5D09CD189243CD00C88AD2 /* Main_iPhone.storyboard in Resources */,
				BEDF2AF6189D935500B20C80 /* icon_sync@2x.png in Resources */,
				BEDF2AF4189D935500B20C80 /* icon_sync.png in Resources */,
				9B5D09C4189243CD00C88AD2 /* InfoPlist.strings in Resources */,
				BEDF2AF2189D935500B20C80 /* icon_sync-568h@2x.png in Resources */,
			);
			runOnlyForDeploymentPostprocessing = 0;
		};
		9B5D09D8189243CD00C88AD2 /* Resources */ = {
			isa = PBXResourcesBuildPhase;
			buildActionMask = 2147483647;
			files = (
				9B5D09E6189243CD00C88AD2 /* InfoPlist.strings in Resources */,
			);
			runOnlyForDeploymentPostprocessing = 0;
		};
		9B5D09FA189243D700C88AD2 /* Resources */ = {
			isa = PBXResourcesBuildPhase;
			buildActionMask = 2147483647;
			files = (
				BEDF2AEF189D935500B20C80 /* background_blur.jpg in Resources */,
				9B5D09FB189243D700C88AD2 /* Main_iPad.storyboard in Resources */,
				BEDF2AF1189D935500B20C80 /* background_blur@2x.jpg in Resources */,
				BEDF2AED189D935500B20C80 /* background_blur-568h@2x.jpg in Resources */,
				9B5D09FC189243D700C88AD2 /* Images.xcassets in Resources */,
				9B5D09FD189243D700C88AD2 /* Main_iPhone.storyboard in Resources */,
				BEDF2AF7189D935500B20C80 /* icon_sync@2x.png in Resources */,
				BEDF2AF5189D935500B20C80 /* icon_sync.png in Resources */,
				9B5D09FE189243D700C88AD2 /* InfoPlist.strings in Resources */,
				BEDF2AF3189D935500B20C80 /* icon_sync-568h@2x.png in Resources */,
			);
			runOnlyForDeploymentPostprocessing = 0;
		};
/* End PBXResourcesBuildPhase section */

/* Begin PBXShellScriptBuildPhase section */
		0C876DCEFB2844778D914463 /* Check Pods Manifest.lock */ = {
			isa = PBXShellScriptBuildPhase;
			buildActionMask = 2147483647;
			files = (
			);
			inputPaths = (
			);
			name = "Check Pods Manifest.lock";
			outputPaths = (
			);
			runOnlyForDeploymentPostprocessing = 0;
			shellPath = /bin/sh;
			shellScript = "diff \"${PODS_ROOT}/../Podfile.lock\" \"${PODS_ROOT}/Manifest.lock\" > /dev/null\nif [[ $? != 0 ]] ; then\n    cat << EOM\nerror: The sandbox is not in sync with the Podfile.lock. Run 'pod install' or update your CocoaPods installation.\nEOM\n    exit 1\nfi\n";
			showEnvVarsInLog = 0;
		};
		41B8AF4F6C1E4E7BA5B3E5AF /* Check Pods Manifest.lock */ = {
			isa = PBXShellScriptBuildPhase;
			buildActionMask = 2147483647;
			files = (
			);
			inputPaths = (
			);
			name = "Check Pods Manifest.lock";
			outputPaths = (
			);
			runOnlyForDeploymentPostprocessing = 0;
			shellPath = /bin/sh;
			shellScript = "diff \"${PODS_ROOT}/../Podfile.lock\" \"${PODS_ROOT}/Manifest.lock\" > /dev/null\nif [[ $? != 0 ]] ; then\n    cat << EOM\nerror: The sandbox is not in sync with the Podfile.lock. Run 'pod install' or update your CocoaPods installation.\nEOM\n    exit 1\nfi\n";
			showEnvVarsInLog = 0;
		};
		5A4C120EA60547A9AE599B2B /* Copy Pods Resources */ = {
			isa = PBXShellScriptBuildPhase;
			buildActionMask = 2147483647;
			files = (
			);
			inputPaths = (
			);
			name = "Copy Pods Resources";
			outputPaths = (
			);
			runOnlyForDeploymentPostprocessing = 0;
			shellPath = /bin/sh;
			shellScript = "\"${SRCROOT}/Pods/Pods-resources.sh\"\n";
			showEnvVarsInLog = 0;
		};
		CC2C494F46934AC89CF2A93E /* Copy Pods Resources */ = {
			isa = PBXShellScriptBuildPhase;
			buildActionMask = 2147483647;
			files = (
			);
			inputPaths = (
			);
			name = "Copy Pods Resources";
			outputPaths = (
			);
			runOnlyForDeploymentPostprocessing = 0;
			shellPath = /bin/sh;
			shellScript = "\"${SRCROOT}/Pods/Pods-HueAppTest-resources.sh\"\n";
			showEnvVarsInLog = 0;
		};
/* End PBXShellScriptBuildPhase section */

/* Begin PBXSourcesBuildPhase section */
		9B5D09B2189243CD00C88AD2 /* Sources */ = {
			isa = PBXSourcesBuildPhase;
			buildActionMask = 2147483647;
			files = (
				BEC7481C1895B9CA006944A8 /* LeaderboardTableViewCell.m in Sources */,
				9B5D09D3189243CD00C88AD2 /* LeaderboardViewController.m in Sources */,
				9B5D09CA189243CD00C88AD2 /* AppDelegate.m in Sources */,
				BEC747F71895843D006944A8 /* RSHuePushlinkViewController.m in Sources */,
				9B5D09C6189243CD00C88AD2 /* main.m in Sources */,
				BEDF2ADC189D84B100B20C80 /* Constants.m in Sources */,
				BEC747EE1894714C006944A8 /* RSHueBridgeSelectViewController.m in Sources */,
				BEDF2B01189D972600B20C80 /* HueControlsViewController.m in Sources */,
				BEDF2AFB189D969000B20C80 /* LeaderboardDetailsViewController.m in Sources */,
				BEC748181895B70B006944A8 /* CountrySelectViewController.m in Sources */,
				BEC7481418958F34006944A8 /* UIImage+H568.m in Sources */,
				BEC747EA18946CCF006944A8 /* RSHueController.m in Sources */,
			);
			runOnlyForDeploymentPostprocessing = 0;
		};
		9B5D09D6189243CD00C88AD2 /* Sources */ = {
			isa = PBXSourcesBuildPhase;
			buildActionMask = 2147483647;
			files = (
				9B5D09E8189243CD00C88AD2 /* HueAppTests.m in Sources */,
			);
			runOnlyForDeploymentPostprocessing = 0;
		};
		9B5D09F2189243D700C88AD2 /* Sources */ = {
			isa = PBXSourcesBuildPhase;
			buildActionMask = 2147483647;
			files = (
				BEC7481D1895B9CA006944A8 /* LeaderboardTableViewCell.m in Sources */,
				9B5D09F3189243D700C88AD2 /* LeaderboardViewController.m in Sources */,
				9B5D09F4189243D700C88AD2 /* AppDelegate.m in Sources */,
				BEC747F81895843D006944A8 /* RSHuePushlinkViewController.m in Sources */,
				9B5D09F5189243D700C88AD2 /* main.m in Sources */,
				BEDF2ADD189D84B100B20C80 /* Constants.m in Sources */,
				BEC747EF1894714C006944A8 /* RSHueBridgeSelectViewController.m in Sources */,
				BEDF2B02189D972600B20C80 /* HueControlsViewController.m in Sources */,
				BEDF2AFC189D969000B20C80 /* LeaderboardDetailsViewController.m in Sources */,
				BEC748191895B70B006944A8 /* CountrySelectViewController.m in Sources */,
				BEC7481518958F34006944A8 /* UIImage+H568.m in Sources */,
				BEC747EB18946CCF006944A8 /* RSHueController.m in Sources */,
			);
			runOnlyForDeploymentPostprocessing = 0;
		};
/* End PBXSourcesBuildPhase section */

/* Begin PBXTargetDependency section */
		9B5D09E0189243CD00C88AD2 /* PBXTargetDependency */ = {
			isa = PBXTargetDependency;
			target = 9B5D09B5189243CD00C88AD2 /* HueApp */;
			targetProxy = 9B5D09DF189243CD00C88AD2 /* PBXContainerItemProxy */;
		};
/* End PBXTargetDependency section */

/* Begin PBXVariantGroup section */
		9B5D09C2189243CD00C88AD2 /* InfoPlist.strings */ = {
			isa = PBXVariantGroup;
			children = (
				9B5D09C3189243CD00C88AD2 /* en */,
			);
			name = InfoPlist.strings;
			sourceTree = "<group>";
		};
		9B5D09CB189243CD00C88AD2 /* Main_iPhone.storyboard */ = {
			isa = PBXVariantGroup;
			children = (
				9B5D09CC189243CD00C88AD2 /* Base */,
			);
			name = Main_iPhone.storyboard;
			sourceTree = "<group>";
		};
		9B5D09CE189243CD00C88AD2 /* Main_iPad.storyboard */ = {
			isa = PBXVariantGroup;
			children = (
				9B5D09CF189243CD00C88AD2 /* Base */,
			);
			name = Main_iPad.storyboard;
			sourceTree = "<group>";
		};
		9B5D09E4189243CD00C88AD2 /* InfoPlist.strings */ = {
			isa = PBXVariantGroup;
			children = (
				9B5D09E5189243CD00C88AD2 /* en */,
			);
			name = InfoPlist.strings;
			sourceTree = "<group>";
		};
/* End PBXVariantGroup section */

/* Begin XCBuildConfiguration section */
		9B5D09E9189243CD00C88AD2 /* Debug */ = {
			isa = XCBuildConfiguration;
			buildSettings = {
				ALWAYS_SEARCH_USER_PATHS = NO;
				ARCHS = "$(ARCHS_STANDARD)";
				CLANG_CXX_LANGUAGE_STANDARD = "gnu++0x";
				CLANG_CXX_LIBRARY = "libc++";
				CLANG_ENABLE_MODULES = YES;
				CLANG_ENABLE_OBJC_ARC = YES;
				CLANG_WARN_BOOL_CONVERSION = YES;
				CLANG_WARN_CONSTANT_CONVERSION = YES;
				CLANG_WARN_DIRECT_OBJC_ISA_USAGE = YES_ERROR;
				CLANG_WARN_EMPTY_BODY = YES;
				CLANG_WARN_ENUM_CONVERSION = YES;
				CLANG_WARN_INT_CONVERSION = YES;
				CLANG_WARN_OBJC_ROOT_CLASS = YES_ERROR;
				CLANG_WARN__DUPLICATE_METHOD_MATCH = YES;
				"CODE_SIGN_IDENTITY[sdk=iphoneos*]" = "iPhone Developer";
				COPY_PHASE_STRIP = NO;
				GCC_C_LANGUAGE_STANDARD = gnu99;
				GCC_DYNAMIC_NO_PIC = NO;
				GCC_OPTIMIZATION_LEVEL = 0;
				GCC_PREPROCESSOR_DEFINITIONS = (
					"DEBUG=1",
					"$(inherited)",
				);
				GCC_SYMBOLS_PRIVATE_EXTERN = NO;
				GCC_WARN_64_TO_32_BIT_CONVERSION = YES;
				GCC_WARN_ABOUT_RETURN_TYPE = YES_ERROR;
				GCC_WARN_UNDECLARED_SELECTOR = YES;
				GCC_WARN_UNINITIALIZED_AUTOS = YES;
				GCC_WARN_UNUSED_FUNCTION = YES;
				GCC_WARN_UNUSED_VARIABLE = YES;
				IPHONEOS_DEPLOYMENT_TARGET = 7.0;
				ONLY_ACTIVE_ARCH = YES;
				SDKROOT = iphoneos;
				TARGETED_DEVICE_FAMILY = "1,2";
			};
			name = Debug;
		};
		9B5D09EA189243CD00C88AD2 /* Release */ = {
			isa = XCBuildConfiguration;
			buildSettings = {
				ALWAYS_SEARCH_USER_PATHS = NO;
				ARCHS = "$(ARCHS_STANDARD)";
				CLANG_CXX_LANGUAGE_STANDARD = "gnu++0x";
				CLANG_CXX_LIBRARY = "libc++";
				CLANG_ENABLE_MODULES = YES;
				CLANG_ENABLE_OBJC_ARC = YES;
				CLANG_WARN_BOOL_CONVERSION = YES;
				CLANG_WARN_CONSTANT_CONVERSION = YES;
				CLANG_WARN_DIRECT_OBJC_ISA_USAGE = YES_ERROR;
				CLANG_WARN_EMPTY_BODY = YES;
				CLANG_WARN_ENUM_CONVERSION = YES;
				CLANG_WARN_INT_CONVERSION = YES;
				CLANG_WARN_OBJC_ROOT_CLASS = YES_ERROR;
				CLANG_WARN__DUPLICATE_METHOD_MATCH = YES;
				"CODE_SIGN_IDENTITY[sdk=iphoneos*]" = "iPhone Developer";
				COPY_PHASE_STRIP = YES;
				ENABLE_NS_ASSERTIONS = NO;
				GCC_C_LANGUAGE_STANDARD = gnu99;
				GCC_WARN_64_TO_32_BIT_CONVERSION = YES;
				GCC_WARN_ABOUT_RETURN_TYPE = YES_ERROR;
				GCC_WARN_UNDECLARED_SELECTOR = YES;
				GCC_WARN_UNINITIALIZED_AUTOS = YES;
				GCC_WARN_UNUSED_FUNCTION = YES;
				GCC_WARN_UNUSED_VARIABLE = YES;
				IPHONEOS_DEPLOYMENT_TARGET = 7.0;
				SDKROOT = iphoneos;
				TARGETED_DEVICE_FAMILY = "1,2";
				VALIDATE_PRODUCT = YES;
			};
			name = Release;
		};
		9B5D09EC189243CD00C88AD2 /* Debug */ = {
			isa = XCBuildConfiguration;
			baseConfigurationReference = 4138AEFF7A6A4F5DBCEC47BC /* Pods.xcconfig */;
			buildSettings = {
				ASSETCATALOG_COMPILER_APPICON_NAME = AppIcon;
				ASSETCATALOG_COMPILER_LAUNCHIMAGE_NAME = LaunchImage;
				FRAMEWORK_SEARCH_PATHS = (
					"$(inherited)",
					"$(SRCROOT)",
				);
				GCC_PRECOMPILE_PREFIX_HEADER = YES;
				GCC_PREFIX_HEADER = "HueApp/HueApp-Prefix.pch";
				INFOPLIST_FILE = "HueApp/HueApp-Info.plist";
				IPHONEOS_DEPLOYMENT_TARGET = 6.1;
				PRODUCT_NAME = "$(TARGET_NAME)";
				WRAPPER_EXTENSION = app;
			};
			name = Debug;
		};
		9B5D09ED189243CD00C88AD2 /* Release */ = {
			isa = XCBuildConfiguration;
			baseConfigurationReference = 4138AEFF7A6A4F5DBCEC47BC /* Pods.xcconfig */;
			buildSettings = {
				ASSETCATALOG_COMPILER_APPICON_NAME = AppIcon;
				ASSETCATALOG_COMPILER_LAUNCHIMAGE_NAME = LaunchImage;
				FRAMEWORK_SEARCH_PATHS = (
					"$(inherited)",
					"$(SRCROOT)",
				);
				GCC_PRECOMPILE_PREFIX_HEADER = YES;
				GCC_PREFIX_HEADER = "HueApp/HueApp-Prefix.pch";
				INFOPLIST_FILE = "HueApp/HueApp-Info.plist";
				IPHONEOS_DEPLOYMENT_TARGET = 6.1;
				PRODUCT_NAME = "$(TARGET_NAME)";
				WRAPPER_EXTENSION = app;
			};
			name = Release;
		};
		9B5D09EF189243CD00C88AD2 /* Debug */ = {
			isa = XCBuildConfiguration;
			buildSettings = {
				ARCHS = "$(ARCHS_STANDARD_INCLUDING_64_BIT)";
				BUNDLE_LOADER = "$(BUILT_PRODUCTS_DIR)/HueApp.app/HueApp";
				FRAMEWORK_SEARCH_PATHS = (
					"$(SDKROOT)/Developer/Library/Frameworks",
					"$(inherited)",
					"$(DEVELOPER_FRAMEWORKS_DIR)",
				);
				GCC_PRECOMPILE_PREFIX_HEADER = YES;
				GCC_PREFIX_HEADER = "HueApp/HueApp-Prefix.pch";
				GCC_PREPROCESSOR_DEFINITIONS = (
					"DEBUG=1",
					"$(inherited)",
				);
				INFOPLIST_FILE = "HueAppTests/HueAppTests-Info.plist";
				PRODUCT_NAME = "$(TARGET_NAME)";
				TEST_HOST = "$(BUNDLE_LOADER)";
				WRAPPER_EXTENSION = xctest;
			};
			name = Debug;
		};
		9B5D09F0189243CD00C88AD2 /* Release */ = {
			isa = XCBuildConfiguration;
			buildSettings = {
				ARCHS = "$(ARCHS_STANDARD_INCLUDING_64_BIT)";
				BUNDLE_LOADER = "$(BUILT_PRODUCTS_DIR)/HueApp.app/HueApp";
				FRAMEWORK_SEARCH_PATHS = (
					"$(SDKROOT)/Developer/Library/Frameworks",
					"$(inherited)",
					"$(DEVELOPER_FRAMEWORKS_DIR)",
				);
				GCC_PRECOMPILE_PREFIX_HEADER = YES;
				GCC_PREFIX_HEADER = "HueApp/HueApp-Prefix.pch";
				INFOPLIST_FILE = "HueAppTests/HueAppTests-Info.plist";
				PRODUCT_NAME = "$(TARGET_NAME)";
				TEST_HOST = "$(BUNDLE_LOADER)";
				WRAPPER_EXTENSION = xctest;
			};
			name = Release;
		};
		9B5D0A00189243D700C88AD2 /* Debug */ = {
			isa = XCBuildConfiguration;
			baseConfigurationReference = 5480CDD9D67541758A419852 /* Pods-HueAppTest.xcconfig */;
			buildSettings = {
				ASSETCATALOG_COMPILER_APPICON_NAME = AppIcon;
				ASSETCATALOG_COMPILER_LAUNCHIMAGE_NAME = LaunchImage;
				FRAMEWORK_SEARCH_PATHS = (
					"$(inherited)",
					"$(SRCROOT)",
				);
				GCC_PRECOMPILE_PREFIX_HEADER = YES;
				GCC_PREFIX_HEADER = "HueApp/HueApp-Prefix.pch";
				INFOPLIST_FILE = "$(SRCROOT)/HueApp/HueAppTest-Info.plist";
				IPHONEOS_DEPLOYMENT_TARGET = 6.1;
				PRODUCT_NAME = "HueApp Test";
				WRAPPER_EXTENSION = app;
			};
			name = Debug;
		};
		9B5D0A01189243D700C88AD2 /* Release */ = {
			isa = XCBuildConfiguration;
			baseConfigurationReference = 5480CDD9D67541758A419852 /* Pods-HueAppTest.xcconfig */;
			buildSettings = {
				ASSETCATALOG_COMPILER_APPICON_NAME = AppIcon;
				ASSETCATALOG_COMPILER_LAUNCHIMAGE_NAME = LaunchImage;
				FRAMEWORK_SEARCH_PATHS = (
					"$(inherited)",
					"$(SRCROOT)",
				);
				GCC_PRECOMPILE_PREFIX_HEADER = YES;
				GCC_PREFIX_HEADER = "HueApp/HueApp-Prefix.pch";
				GCC_PREPROCESSOR_DEFINITIONS = (
					"$(inherited)",
					"COCOAPODS=1",
					"TESTFLIGHT=1",
				);
				INFOPLIST_FILE = "$(SRCROOT)/HueApp/HueAppTest-Info.plist";
				IPHONEOS_DEPLOYMENT_TARGET = 6.1;
				PRODUCT_NAME = "HueApp Test";
				WRAPPER_EXTENSION = app;
			};
			name = Release;
		};
/* End XCBuildConfiguration section */

/* Begin XCConfigurationList section */
		9B5D09B1189243CD00C88AD2 /* Build configuration list for PBXProject "HueApp" */ = {
			isa = XCConfigurationList;
			buildConfigurations = (
				9B5D09E9189243CD00C88AD2 /* Debug */,
				9B5D09EA189243CD00C88AD2 /* Release */,
			);
			defaultConfigurationIsVisible = 0;
			defaultConfigurationName = Release;
		};
		9B5D09EB189243CD00C88AD2 /* Build configuration list for PBXNativeTarget "HueApp" */ = {
			isa = XCConfigurationList;
			buildConfigurations = (
				9B5D09EC189243CD00C88AD2 /* Debug */,
				9B5D09ED189243CD00C88AD2 /* Release */,
			);
			defaultConfigurationIsVisible = 0;
			defaultConfigurationName = Release;
		};
		9B5D09EE189243CD00C88AD2 /* Build configuration list for PBXNativeTarget "HueAppTests" */ = {
			isa = XCConfigurationList;
			buildConfigurations = (
				9B5D09EF189243CD00C88AD2 /* Debug */,
				9B5D09F0189243CD00C88AD2 /* Release */,
			);
			defaultConfigurationIsVisible = 0;
			defaultConfigurationName = Release;
		};
		9B5D09FF189243D700C88AD2 /* Build configuration list for PBXNativeTarget "HueAppTest" */ = {
			isa = XCConfigurationList;
			buildConfigurations = (
				9B5D0A00189243D700C88AD2 /* Debug */,
				9B5D0A01189243D700C88AD2 /* Release */,
			);
			defaultConfigurationIsVisible = 0;
			defaultConfigurationName = Release;
		};
/* End XCConfigurationList section */
	};
	rootObject = 9B5D09AE189243CD00C88AD2 /* Project object */;
}
