// !$*UTF8*$!
{
	archiveVersion = 1;
	classes = {
	};
	objectVersion = 46;
	objects = {

/* Begin PBXBuildFile section */
		334B87205849456FB526BCFE /* libPods-HueAppTest.a in Frameworks */ = {isa = PBXBuildFile; fileRef = A4509B68A8174420A5885CA0 /* libPods-HueAppTest.a */; };
		9B5D09BA189243CD00C88AD2 /* Foundation.framework in Frameworks */ = {isa = PBXBuildFile; fileRef = 9B5D09B9189243CD00C88AD2 /* Foundation.framework */; };
		9B5D09BC189243CD00C88AD2 /* CoreGraphics.framework in Frameworks */ = {isa = PBXBuildFile; fileRef = 9B5D09BB189243CD00C88AD2 /* CoreGraphics.framework */; };
		9B5D09BE189243CD00C88AD2 /* UIKit.framework in Frameworks */ = {isa = PBXBuildFile; fileRef = 9B5D09BD189243CD00C88AD2 /* UIKit.framework */; };
		9B5D09C4189243CD00C88AD2 /* InfoPlist.strings in Resources */ = {isa = PBXBuildFile; fileRef = 9B5D09C2189243CD00C88AD2 /* InfoPlist.strings */; };
		9B5D09C6189243CD00C88AD2 /* main.m in Sources */ = {isa = PBXBuildFile; fileRef = 9B5D09C5189243CD00C88AD2 /* main.m */; };
		9B5D09CA189243CD00C88AD2 /* AppDelegate.m in Sources */ = {isa = PBXBuildFile; fileRef = 9B5D09C9189243CD00C88AD2 /* AppDelegate.m */; };
		9B5D09CD189243CD00C88AD2 /* Main_iPhone.storyboard in Resources */ = {isa = PBXBuildFile; fileRef = 9B5D09CB189243CD00C88AD2 /* Main_iPhone.storyboard */; };
		9B5D09D0189243CD00C88AD2 /* Main_iPad.storyboard in Resources */ = {isa = PBXBuildFile; fileRef = 9B5D09CE189243CD00C88AD2 /* Main_iPad.storyboard */; };
		9B5D09D3189243CD00C88AD2 /* ViewController.m in Sources */ = {isa = PBXBuildFile; fileRef = 9B5D09D2189243CD00C88AD2 /* ViewController.m */; };
		9B5D09D5189243CD00C88AD2 /* Images.xcassets in Resources */ = {isa = PBXBuildFile; fileRef = 9B5D09D4189243CD00C88AD2 /* Images.xcassets */; };
		9B5D09DC189243CD00C88AD2 /* XCTest.framework in Frameworks */ = {isa = PBXBuildFile; fileRef = 9B5D09DB189243CD00C88AD2 /* XCTest.framework */; };
		9B5D09DD189243CD00C88AD2 /* Foundation.framework in Frameworks */ = {isa = PBXBuildFile; fileRef = 9B5D09B9189243CD00C88AD2 /* Foundation.framework */; };
		9B5D09DE189243CD00C88AD2 /* UIKit.framework in Frameworks */ = {isa = PBXBuildFile; fileRef = 9B5D09BD189243CD00C88AD2 /* UIKit.framework */; };
		9B5D09E6189243CD00C88AD2 /* InfoPlist.strings in Resources */ = {isa = PBXBuildFile; fileRef = 9B5D09E4189243CD00C88AD2 /* InfoPlist.strings */; };
		9B5D09E8189243CD00C88AD2 /* HueAppTests.m in Sources */ = {isa = PBXBuildFile; fileRef = 9B5D09E7189243CD00C88AD2 /* HueAppTests.m */; };
		9B5D09F3189243D700C88AD2 /* ViewController.m in Sources */ = {isa = PBXBuildFile; fileRef = 9B5D09D2189243CD00C88AD2 /* ViewController.m */; };
		9B5D09F4189243D700C88AD2 /* AppDelegate.m in Sources */ = {isa = PBXBuildFile; fileRef = 9B5D09C9189243CD00C88AD2 /* AppDelegate.m */; };
		9B5D09F5189243D700C88AD2 /* main.m in Sources */ = {isa = PBXBuildFile; fileRef = 9B5D09C5189243CD00C88AD2 /* main.m */; };
		9B5D09F7189243D700C88AD2 /* CoreGraphics.framework in Frameworks */ = {isa = PBXBuildFile; fileRef = 9B5D09BB189243CD00C88AD2 /* CoreGraphics.framework */; };
		9B5D09F8189243D700C88AD2 /* UIKit.framework in Frameworks */ = {isa = PBXBuildFile; fileRef = 9B5D09BD189243CD00C88AD2 /* UIKit.framework */; };
		9B5D09F9189243D700C88AD2 /* Foundation.framework in Frameworks */ = {isa = PBXBuildFile; fileRef = 9B5D09B9189243CD00C88AD2 /* Foundation.framework */; };
		9B5D09FB189243D700C88AD2 /* Main_iPad.storyboard in Resources */ = {isa = PBXBuildFile; fileRef = 9B5D09CE189243CD00C88AD2 /* Main_iPad.storyboard */; };
		9B5D09FC189243D700C88AD2 /* Images.xcassets in Resources */ = {isa = PBXBuildFile; fileRef = 9B5D09D4189243CD00C88AD2 /* Images.xcassets */; };
		9B5D09FD189243D700C88AD2 /* Main_iPhone.storyboard in Resources */ = {isa = PBXBuildFile; fileRef = 9B5D09CB189243CD00C88AD2 /* Main_iPhone.storyboard */; };
		9B5D09FE189243D700C88AD2 /* InfoPlist.strings in Resources */ = {isa = PBXBuildFile; fileRef = 9B5D09C2189243CD00C88AD2 /* InfoPlist.strings */; };
/* End PBXBuildFile section */

/* Begin PBXContainerItemProxy section */
		9B5D09DF189243CD00C88AD2 /* PBXContainerItemProxy */ = {
			isa = PBXContainerItemProxy;
			containerPortal = 9B5D09AE189243CD00C88AD2 /* Project object */;
			proxyType = 1;
			remoteGlobalIDString = 9B5D09B5189243CD00C88AD2;
			remoteInfo = HueApp;
		};
/* End PBXContainerItemProxy section */

/* Begin PBXFileReference section */
		5480CDD9D67541758A419852 /* Pods-HueAppTest.xcconfig */ = {isa = PBXFileReference; includeInIndex = 1; lastKnownFileType = text.xcconfig; name = "Pods-HueAppTest.xcconfig"; path = "Pods/Pods-HueAppTest.xcconfig"; sourceTree = "<group>"; };
		9B5D09B6189243CD00C88AD2 /* HueApp.app */ = {isa = PBXFileReference; explicitFileType = wrapper.application; includeInIndex = 0; path = HueApp.app; sourceTree = BUILT_PRODUCTS_DIR; };
		9B5D09B9189243CD00C88AD2 /* Foundation.framework */ = {isa = PBXFileReference; lastKnownFileType = wrapper.framework; name = Foundation.framework; path = System/Library/Frameworks/Foundation.framework; sourceTree = SDKROOT; };
		9B5D09BB189243CD00C88AD2 /* CoreGraphics.framework */ = {isa = PBXFileReference; lastKnownFileType = wrapper.framework; name = CoreGraphics.framework; path = System/Library/Frameworks/CoreGraphics.framework; sourceTree = SDKROOT; };
		9B5D09BD189243CD00C88AD2 /* UIKit.framework */ = {isa = PBXFileReference; lastKnownFileType = wrapper.framework; name = UIKit.framework; path = System/Library/Frameworks/UIKit.framework; sourceTree = SDKROOT; };
		9B5D09C1189243CD00C88AD2 /* HueApp-Info.plist */ = {isa = PBXFileReference; lastKnownFileType = text.plist.xml; path = "HueApp-Info.plist"; sourceTree = "<group>"; };
		9B5D09C3189243CD00C88AD2 /* en */ = {isa = PBXFileReference; lastKnownFileType = text.plist.strings; name = en; path = en.lproj/InfoPlist.strings; sourceTree = "<group>"; };
		9B5D09C5189243CD00C88AD2 /* main.m */ = {isa = PBXFileReference; lastKnownFileType = sourcecode.c.objc; path = main.m; sourceTree = "<group>"; };
		9B5D09C7189243CD00C88AD2 /* HueApp-Prefix.pch */ = {isa = PBXFileReference; lastKnownFileType = sourcecode.c.h; path = "HueApp-Prefix.pch"; sourceTree = "<group>"; };
		9B5D09C8189243CD00C88AD2 /* AppDelegate.h */ = {isa = PBXFileReference; lastKnownFileType = sourcecode.c.h; path = AppDelegate.h; sourceTree = "<group>"; };
		9B5D09C9189243CD00C88AD2 /* AppDelegate.m */ = {isa = PBXFileReference; lastKnownFileType = sourcecode.c.objc; path = AppDelegate.m; sourceTree = "<group>"; };
		9B5D09CC189243CD00C88AD2 /* Base */ = {isa = PBXFileReference; lastKnownFileType = file.storyboard; name = Base; path = Base.lproj/Main_iPhone.storyboard; sourceTree = "<group>"; };
		9B5D09CF189243CD00C88AD2 /* Base */ = {isa = PBXFileReference; lastKnownFileType = file.storyboard; name = Base; path = Base.lproj/Main_iPad.storyboard; sourceTree = "<group>"; };
		9B5D09D1189243CD00C88AD2 /* ViewController.h */ = {isa = PBXFileReference; lastKnownFileType = sourcecode.c.h; path = ViewController.h; sourceTree = "<group>"; };
		9B5D09D2189243CD00C88AD2 /* ViewController.m */ = {isa = PBXFileReference; lastKnownFileType = sourcecode.c.objc; path = ViewController.m; sourceTree = "<group>"; };
		9B5D09D4189243CD00C88AD2 /* Images.xcassets */ = {isa = PBXFileReference; lastKnownFileType = folder.assetcatalog; path = Images.xcassets; sourceTree = "<group>"; };
		9B5D09DA189243CD00C88AD2 /* HueAppTests.xctest */ = {isa = PBXFileReference; explicitFileType = wrapper.cfbundle; includeInIndex = 0; path = HueAppTests.xctest; sourceTree = BUILT_PRODUCTS_DIR; };
		9B5D09DB189243CD00C88AD2 /* XCTest.framework */ = {isa = PBXFileReference; lastKnownFileType = wrapper.framework; name = XCTest.framework; path = Library/Frameworks/XCTest.framework; sourceTree = DEVELOPER_DIR; };
		9B5D09E3189243CD00C88AD2 /* HueAppTests-Info.plist */ = {isa = PBXFileReference; lastKnownFileType = text.plist.xml; path = "HueAppTests-Info.plist"; sourceTree = "<group>"; };
		9B5D09E5189243CD00C88AD2 /* en */ = {isa = PBXFileReference; lastKnownFileType = text.plist.strings; name = en; path = en.lproj/InfoPlist.strings; sourceTree = "<group>"; };
		9B5D09E7189243CD00C88AD2 /* HueAppTests.m */ = {isa = PBXFileReference; lastKnownFileType = sourcecode.c.objc; path = HueAppTests.m; sourceTree = "<group>"; };
		9B5D0A02189243D700C88AD2 /* HueApp Test.app */ = {isa = PBXFileReference; explicitFileType = wrapper.application; includeInIndex = 0; path = "HueApp Test.app"; sourceTree = BUILT_PRODUCTS_DIR; };
		9B5D0A03189243D700C88AD2 /* HueAppTest-Info.plist */ = {isa = PBXFileReference; lastKnownFileType = text.plist.xml; name = "HueAppTest-Info.plist"; path = "/Users/rudistrahl/Source/iOS/HueApp/HueApp/HueAppTest-Info.plist"; sourceTree = "<absolute>"; };
		A4509B68A8174420A5885CA0 /* libPods-HueAppTest.a */ = {isa = PBXFileReference; explicitFileType = archive.ar; includeInIndex = 0; path = "libPods-HueAppTest.a"; sourceTree = BUILT_PRODUCTS_DIR; };
/* End PBXFileReference section */

/* Begin PBXFrameworksBuildPhase section */
		9B5D09B3189243CD00C88AD2 /* Frameworks */ = {
			isa = PBXFrameworksBuildPhase;
			buildActionMask = 2147483647;
			files = (
				9B5D09BC189243CD00C88AD2 /* CoreGraphics.framework in Frameworks */,
				9B5D09BE189243CD00C88AD2 /* UIKit.framework in Frameworks */,
				9B5D09BA189243CD00C88AD2 /* Foundation.framework in Frameworks */,
			);
			runOnlyForDeploymentPostprocessing = 0;
		};
		9B5D09D7189243CD00C88AD2 /* Frameworks */ = {
			isa = PBXFrameworksBuildPhase;
			buildActionMask = 2147483647;
			files = (
				9B5D09DC189243CD00C88AD2 /* XCTest.framework in Frameworks */,
				9B5D09DE189243CD00C88AD2 /* UIKit.framework in Frameworks */,
				9B5D09DD189243CD00C88AD2 /* Foundation.framework in Frameworks */,
			);
			runOnlyForDeploymentPostprocessing = 0;
		};
		9B5D09F6189243D700C88AD2 /* Frameworks */ = {
			isa = PBXFrameworksBuildPhase;
			buildActionMask = 2147483647;
			files = (
				9B5D09F7189243D700C88AD2 /* CoreGraphics.framework in Frameworks */,
				9B5D09F8189243D700C88AD2 /* UIKit.framework in Frameworks */,
				9B5D09F9189243D700C88AD2 /* Foundation.framework in Frameworks */,
				334B87205849456FB526BCFE /* libPods-HueAppTest.a in Frameworks */,
			);
			runOnlyForDeploymentPostprocessing = 0;
		};
/* End PBXFrameworksBuildPhase section */

/* Begin PBXGroup section */
		9B5D09AD189243CD00C88AD2 = {
			isa = PBXGroup;
			children = (
				9B5D09BF189243CD00C88AD2 /* HueApp */,
				9B5D09E1189243CD00C88AD2 /* HueAppTests */,
				9B5D09B8189243CD00C88AD2 /* Frameworks */,
				9B5D09B7189243CD00C88AD2 /* Products */,
				5480CDD9D67541758A419852 /* Pods-HueAppTest.xcconfig */,
			);
			sourceTree = "<group>";
		};
		9B5D09B7189243CD00C88AD2 /* Products */ = {
			isa = PBXGroup;
			children = (
				9B5D09B6189243CD00C88AD2 /* HueApp.app */,
				9B5D09DA189243CD00C88AD2 /* HueAppTests.xctest */,
				9B5D0A02189243D700C88AD2 /* HueApp Test.app */,
			);
			name = Products;
			sourceTree = "<group>";
		};
		9B5D09B8189243CD00C88AD2 /* Frameworks */ = {
			isa = PBXGroup;
			children = (
				9B5D09B9189243CD00C88AD2 /* Foundation.framework */,
				9B5D09BB189243CD00C88AD2 /* CoreGraphics.framework */,
				9B5D09BD189243CD00C88AD2 /* UIKit.framework */,
				9B5D09DB189243CD00C88AD2 /* XCTest.framework */,
				A4509B68A8174420A5885CA0 /* libPods-HueAppTest.a */,
			);
			name = Frameworks;
			sourceTree = "<group>";
		};
		9B5D09BF189243CD00C88AD2 /* HueApp */ = {
			isa = PBXGroup;
			children = (
				9B5D09C8189243CD00C88AD2 /* AppDelegate.h */,
				9B5D09C9189243CD00C88AD2 /* AppDelegate.m */,
				9B5D09CB189243CD00C88AD2 /* Main_iPhone.storyboard */,
				9B5D09CE189243CD00C88AD2 /* Main_iPad.storyboard */,
				9B5D09D1189243CD00C88AD2 /* ViewController.h */,
				9B5D09D2189243CD00C88AD2 /* ViewController.m */,
				9B5D09D4189243CD00C88AD2 /* Images.xcassets */,
				9B5D09C0189243CD00C88AD2 /* Supporting Files */,
			);
			path = HueApp;
			sourceTree = "<group>";
		};
		9B5D09C0189243CD00C88AD2 /* Supporting Files */ = {
			isa = PBXGroup;
			children = (
				9B5D09C1189243CD00C88AD2 /* HueApp-Info.plist */,
				9B5D0A03189243D700C88AD2 /* HueAppTest-Info.plist */,
				9B5D09C2189243CD00C88AD2 /* InfoPlist.strings */,
				9B5D09C5189243CD00C88AD2 /* main.m */,
				9B5D09C7189243CD00C88AD2 /* HueApp-Prefix.pch */,
			);
			name = "Supporting Files";
			sourceTree = "<group>";
		};
		9B5D09E1189243CD00C88AD2 /* HueAppTests */ = {
			isa = PBXGroup;
			children = (
				9B5D09E7189243CD00C88AD2 /* HueAppTests.m */,
				9B5D09E2189243CD00C88AD2 /* Supporting Files */,
			);
			path = HueAppTests;
			sourceTree = "<group>";
		};
		9B5D09E2189243CD00C88AD2 /* Supporting Files */ = {
			isa = PBXGroup;
			children = (
				9B5D09E3189243CD00C88AD2 /* HueAppTests-Info.plist */,
				9B5D09E4189243CD00C88AD2 /* InfoPlist.strings */,
			);
			name = "Supporting Files";
			sourceTree = "<group>";
		};
/* End PBXGroup section */

/* Begin PBXNativeTarget section */
		9B5D09B5189243CD00C88AD2 /* HueApp */ = {
			isa = PBXNativeTarget;
			buildConfigurationList = 9B5D09EB189243CD00C88AD2 /* Build configuration list for PBXNativeTarget "HueApp" */;
			buildPhases = (
				9B5D09B2189243CD00C88AD2 /* Sources */,
				9B5D09B3189243CD00C88AD2 /* Frameworks */,
				9B5D09B4189243CD00C88AD2 /* Resources */,
			);
			buildRules = (
			);
			dependencies = (
			);
			name = HueApp;
			productName = HueApp;
			productReference = 9B5D09B6189243CD00C88AD2 /* HueApp.app */;
			productType = "com.apple.product-type.application";
		};
		9B5D09D9189243CD00C88AD2 /* HueAppTests */ = {
			isa = PBXNativeTarget;
			buildConfigurationList = 9B5D09EE189243CD00C88AD2 /* Build configuration list for PBXNativeTarget "HueAppTests" */;
			buildPhases = (
				9B5D09D6189243CD00C88AD2 /* Sources */,
				9B5D09D7189243CD00C88AD2 /* Frameworks */,
				9B5D09D8189243CD00C88AD2 /* Resources */,
			);
			buildRules = (
			);
			dependencies = (
				9B5D09E0189243CD00C88AD2 /* PBXTargetDependency */,
			);
			name = HueAppTests;
			productName = HueAppTests;
			productReference = 9B5D09DA189243CD00C88AD2 /* HueAppTests.xctest */;
			productType = "com.apple.product-type.bundle.unit-test";
		};
		9B5D09F1189243D700C88AD2 /* HueAppTest */ = {
			isa = PBXNativeTarget;
			buildConfigurationList = 9B5D09FF189243D700C88AD2 /* Build configuration list for PBXNativeTarget "HueAppTest" */;
			buildPhases = (
				0C876DCEFB2844778D914463 /* Check Pods Manifest.lock */,
				9B5D09F2189243D700C88AD2 /* Sources */,
				9B5D09F6189243D700C88AD2 /* Frameworks */,
				9B5D09FA189243D700C88AD2 /* Resources */,
				CC2C494F46934AC89CF2A93E /* Copy Pods Resources */,
			);
			buildRules = (
			);
			dependencies = (
			);
			name = HueAppTest;
			productName = HueApp;
			productReference = 9B5D0A02189243D700C88AD2 /* HueApp Test.app */;
			productType = "com.apple.product-type.application";
		};
/* End PBXNativeTarget section */

/* Begin PBXProject section */
		9B5D09AE189243CD00C88AD2 /* Project object */ = {
			isa = PBXProject;
			attributes = {
				LastUpgradeCheck = 0500;
				ORGANIZATIONNAME = "Rudi Strahl";
				TargetAttributes = {
					9B5D09D9189243CD00C88AD2 = {
						TestTargetID = 9B5D09B5189243CD00C88AD2;
					};
				};
			};
			buildConfigurationList = 9B5D09B1189243CD00C88AD2 /* Build configuration list for PBXProject "HueApp" */;
			compatibilityVersion = "Xcode 3.2";
			developmentRegion = English;
			hasScannedForEncodings = 0;
			knownRegions = (
				en,
				Base,
			);
			mainGroup = 9B5D09AD189243CD00C88AD2;
			productRefGroup = 9B5D09B7189243CD00C88AD2 /* Products */;
			projectDirPath = "";
			projectRoot = "";
			targets = (
				9B5D09B5189243CD00C88AD2 /* HueApp */,
				9B5D09F1189243D700C88AD2 /* HueAppTest */,
				9B5D09D9189243CD00C88AD2 /* HueAppTests */,
			);
		};
/* End PBXProject section */

/* Begin PBXResourcesBuildPhase section */
		9B5D09B4189243CD00C88AD2 /* Resources */ = {
			isa = PBXResourcesBuildPhase;
			buildActionMask = 2147483647;
			files = (
				9B5D09D0189243CD00C88AD2 /* Main_iPad.storyboard in Resources */,
				9B5D09D5189243CD00C88AD2 /* Images.xcassets in Resources */,
				9B5D09CD189243CD00C88AD2 /* Main_iPhone.storyboard in Resources */,
				9B5D09C4189243CD00C88AD2 /* InfoPlist.strings in Resources */,
			);
			runOnlyForDeploymentPostprocessing = 0;
		};
		9B5D09D8189243CD00C88AD2 /* Resources */ = {
			isa = PBXResourcesBuildPhase;
			buildActionMask = 2147483647;
			files = (
				9B5D09E6189243CD00C88AD2 /* InfoPlist.strings in Resources */,
			);
			runOnlyForDeploymentPostprocessing = 0;
		};
		9B5D09FA189243D700C88AD2 /* Resources */ = {
			isa = PBXResourcesBuildPhase;
			buildActionMask = 2147483647;
			files = (
				9B5D09FB189243D700C88AD2 /* Main_iPad.storyboard in Resources */,
				9B5D09FC189243D700C88AD2 /* Images.xcassets in Resources */,
				9B5D09FD189243D700C88AD2 /* Main_iPhone.storyboard in Resources */,
				9B5D09FE189243D700C88AD2 /* InfoPlist.strings in Resources */,
			);
			runOnlyForDeploymentPostprocessing = 0;
		};
/* End PBXResourcesBuildPhase section */

/* Begin PBXShellScriptBuildPhase section */
		0C876DCEFB2844778D914463 /* Check Pods Manifest.lock */ = {
			isa = PBXShellScriptBuildPhase;
			buildActionMask = 2147483647;
			files = (
			);
			inputPaths = (
			);
			name = "Check Pods Manifest.lock";
			outputPaths = (
			);
			runOnlyForDeploymentPostprocessing = 0;
			shellPath = /bin/sh;
			shellScript = "diff \"${PODS_ROOT}/../Podfile.lock\" \"${PODS_ROOT}/Manifest.lock\" > /dev/null\nif [[ $? != 0 ]] ; then\n    cat << EOM\nerror: The sandbox is not in sync with the Podfile.lock. Run 'pod install' or update your CocoaPods installation.\nEOM\n    exit 1\nfi\n";
			showEnvVarsInLog = 0;
		};
		CC2C494F46934AC89CF2A93E /* Copy Pods Resources */ = {
			isa = PBXShellScriptBuildPhase;
			buildActionMask = 2147483647;
			files = (
			);
			inputPaths = (
			);
			name = "Copy Pods Resources";
			outputPaths = (
			);
			runOnlyForDeploymentPostprocessing = 0;
			shellPath = /bin/sh;
			shellScript = "\"${SRCROOT}/Pods/Pods-HueAppTest-resources.sh\"\n";
			showEnvVarsInLog = 0;
		};
/* End PBXShellScriptBuildPhase section */

/* Begin PBXSourcesBuildPhase section */
		9B5D09B2189243CD00C88AD2 /* Sources */ = {
			isa = PBXSourcesBuildPhase;
			buildActionMask = 2147483647;
			files = (
				9B5D09D3189243CD00C88AD2 /* ViewController.m in Sources */,
				9B5D09CA189243CD00C88AD2 /* AppDelegate.m in Sources */,
				9B5D09C6189243CD00C88AD2 /* main.m in Sources */,
			);
			runOnlyForDeploymentPostprocessing = 0;
		};
		9B5D09D6189243CD00C88AD2 /* Sources */ = {
			isa = PBXSourcesBuildPhase;
			buildActionMask = 2147483647;
			files = (
				9B5D09E8189243CD00C88AD2 /* HueAppTests.m in Sources */,
			);
			runOnlyForDeploymentPostprocessing = 0;
		};
		9B5D09F2189243D700C88AD2 /* Sources */ = {
			isa = PBXSourcesBuildPhase;
			buildActionMask = 2147483647;
			files = (
				9B5D09F3189243D700C88AD2 /* ViewController.m in Sources */,
				9B5D09F4189243D700C88AD2 /* AppDelegate.m in Sources */,
				9B5D09F5189243D700C88AD2 /* main.m in Sources */,
			);
			runOnlyForDeploymentPostprocessing = 0;
		};
/* End PBXSourcesBuildPhase section */

/* Begin PBXTargetDependency section */
		9B5D09E0189243CD00C88AD2 /* PBXTargetDependency */ = {
			isa = PBXTargetDependency;
			target = 9B5D09B5189243CD00C88AD2 /* HueApp */;
			targetProxy = 9B5D09DF189243CD00C88AD2 /* PBXContainerItemProxy */;
		};
/* End PBXTargetDependency section */

/* Begin PBXVariantGroup section */
		9B5D09C2189243CD00C88AD2 /* InfoPlist.strings */ = {
			isa = PBXVariantGroup;
			children = (
				9B5D09C3189243CD00C88AD2 /* en */,
			);
			name = InfoPlist.strings;
			sourceTree = "<group>";
		};
		9B5D09CB189243CD00C88AD2 /* Main_iPhone.storyboard */ = {
			isa = PBXVariantGroup;
			children = (
				9B5D09CC189243CD00C88AD2 /* Base */,
			);
			name = Main_iPhone.storyboard;
			sourceTree = "<group>";
		};
		9B5D09CE189243CD00C88AD2 /* Main_iPad.storyboard */ = {
			isa = PBXVariantGroup;
			children = (
				9B5D09CF189243CD00C88AD2 /* Base */,
			);
			name = Main_iPad.storyboard;
			sourceTree = "<group>";
		};
		9B5D09E4189243CD00C88AD2 /* InfoPlist.strings */ = {
			isa = PBXVariantGroup;
			children = (
				9B5D09E5189243CD00C88AD2 /* en */,
			);
			name = InfoPlist.strings;
			sourceTree = "<group>";
		};
/* End PBXVariantGroup section */

/* Begin XCBuildConfiguration section */
		9B5D09E9189243CD00C88AD2 /* Debug */ = {
			isa = XCBuildConfiguration;
			buildSettings = {
				ALWAYS_SEARCH_USER_PATHS = NO;
				ARCHS = "$(ARCHS_STANDARD_INCLUDING_64_BIT)";
				CLANG_CXX_LANGUAGE_STANDARD = "gnu++0x";
				CLANG_CXX_LIBRARY = "libc++";
				CLANG_ENABLE_MODULES = YES;
				CLANG_ENABLE_OBJC_ARC = YES;
				CLANG_WARN_BOOL_CONVERSION = YES;
				CLANG_WARN_CONSTANT_CONVERSION = YES;
				CLANG_WARN_DIRECT_OBJC_ISA_USAGE = YES_ERROR;
				CLANG_WARN_EMPTY_BODY = YES;
				CLANG_WARN_ENUM_CONVERSION = YES;
				CLANG_WARN_INT_CONVERSION = YES;
				CLANG_WARN_OBJC_ROOT_CLASS = YES_ERROR;
				CLANG_WARN__DUPLICATE_METHOD_MATCH = YES;
				"CODE_SIGN_IDENTITY[sdk=iphoneos*]" = "iPhone Developer";
				COPY_PHASE_STRIP = NO;
				GCC_C_LANGUAGE_STANDARD = gnu99;
				GCC_DYNAMIC_NO_PIC = NO;
				GCC_OPTIMIZATION_LEVEL = 0;
				GCC_PREPROCESSOR_DEFINITIONS = (
					"DEBUG=1",
					"$(inherited)",
				);
				GCC_SYMBOLS_PRIVATE_EXTERN = NO;
				GCC_WARN_64_TO_32_BIT_CONVERSION = YES;
				GCC_WARN_ABOUT_RETURN_TYPE = YES_ERROR;
				GCC_WARN_UNDECLARED_SELECTOR = YES;
				GCC_WARN_UNINITIALIZED_AUTOS = YES;
				GCC_WARN_UNUSED_FUNCTION = YES;
				GCC_WARN_UNUSED_VARIABLE = YES;
				IPHONEOS_DEPLOYMENT_TARGET = 7.0;
				ONLY_ACTIVE_ARCH = YES;
				SDKROOT = iphoneos;
				TARGETED_DEVICE_FAMILY = "1,2";
			};
			name = Debug;
		};
		9B5D09EA189243CD00C88AD2 /* Release */ = {
			isa = XCBuildConfiguration;
			buildSettings = {
				ALWAYS_SEARCH_USER_PATHS = NO;
				ARCHS = "$(ARCHS_STANDARD_INCLUDING_64_BIT)";
				CLANG_CXX_LANGUAGE_STANDARD = "gnu++0x";
				CLANG_CXX_LIBRARY = "libc++";
				CLANG_ENABLE_MODULES = YES;
				CLANG_ENABLE_OBJC_ARC = YES;
				CLANG_WARN_BOOL_CONVERSION = YES;
				CLANG_WARN_CONSTANT_CONVERSION = YES;
				CLANG_WARN_DIRECT_OBJC_ISA_USAGE = YES_ERROR;
				CLANG_WARN_EMPTY_BODY = YES;
				CLANG_WARN_ENUM_CONVERSION = YES;
				CLANG_WARN_INT_CONVERSION = YES;
				CLANG_WARN_OBJC_ROOT_CLASS = YES_ERROR;
				CLANG_WARN__DUPLICATE_METHOD_MATCH = YES;
				"CODE_SIGN_IDENTITY[sdk=iphoneos*]" = "iPhone Developer";
				COPY_PHASE_STRIP = YES;
				ENABLE_NS_ASSERTIONS = NO;
				GCC_C_LANGUAGE_STANDARD = gnu99;
				GCC_WARN_64_TO_32_BIT_CONVERSION = YES;
				GCC_WARN_ABOUT_RETURN_TYPE = YES_ERROR;
				GCC_WARN_UNDECLARED_SELECTOR = YES;
				GCC_WARN_UNINITIALIZED_AUTOS = YES;
				GCC_WARN_UNUSED_FUNCTION = YES;
				GCC_WARN_UNUSED_VARIABLE = YES;
				IPHONEOS_DEPLOYMENT_TARGET = 7.0;
				SDKROOT = iphoneos;
				TARGETED_DEVICE_FAMILY = "1,2";
				VALIDATE_PRODUCT = YES;
			};
			name = Release;
		};
		9B5D09EC189243CD00C88AD2 /* Debug */ = {
			isa = XCBuildConfiguration;
			buildSettings = {
				ASSETCATALOG_COMPILER_APPICON_NAME = AppIcon;
				ASSETCATALOG_COMPILER_LAUNCHIMAGE_NAME = LaunchImage;
				GCC_PRECOMPILE_PREFIX_HEADER = YES;
				GCC_PREFIX_HEADER = "HueApp/HueApp-Prefix.pch";
				INFOPLIST_FILE = "HueApp/HueApp-Info.plist";
				PRODUCT_NAME = "$(TARGET_NAME)";
				WRAPPER_EXTENSION = app;
			};
			name = Debug;
		};
		9B5D09ED189243CD00C88AD2 /* Release */ = {
			isa = XCBuildConfiguration;
			buildSettings = {
				ASSETCATALOG_COMPILER_APPICON_NAME = AppIcon;
				ASSETCATALOG_COMPILER_LAUNCHIMAGE_NAME = LaunchImage;
				GCC_PRECOMPILE_PREFIX_HEADER = YES;
				GCC_PREFIX_HEADER = "HueApp/HueApp-Prefix.pch";
				INFOPLIST_FILE = "HueApp/HueApp-Info.plist";
				PRODUCT_NAME = "$(TARGET_NAME)";
				WRAPPER_EXTENSION = app;
			};
			name = Release;
		};
		9B5D09EF189243CD00C88AD2 /* Debug */ = {
			isa = XCBuildConfiguration;
			buildSettings = {
				ARCHS = "$(ARCHS_STANDARD_INCLUDING_64_BIT)";
				BUNDLE_LOADER = "$(BUILT_PRODUCTS_DIR)/HueApp.app/HueApp";
				FRAMEWORK_SEARCH_PATHS = (
					"$(SDKROOT)/Developer/Library/Frameworks",
					"$(inherited)",
					"$(DEVELOPER_FRAMEWORKS_DIR)",
				);
				GCC_PRECOMPILE_PREFIX_HEADER = YES;
				GCC_PREFIX_HEADER = "HueApp/HueApp-Prefix.pch";
				GCC_PREPROCESSOR_DEFINITIONS = (
					"DEBUG=1",
					"$(inherited)",
				);
				INFOPLIST_FILE = "HueAppTests/HueAppTests-Info.plist";
				PRODUCT_NAME = "$(TARGET_NAME)";
				TEST_HOST = "$(BUNDLE_LOADER)";
				WRAPPER_EXTENSION = xctest;
			};
			name = Debug;
		};
		9B5D09F0189243CD00C88AD2 /* Release */ = {
			isa = XCBuildConfiguration;
			buildSettings = {
				ARCHS = "$(ARCHS_STANDARD_INCLUDING_64_BIT)";
				BUNDLE_LOADER = "$(BUILT_PRODUCTS_DIR)/HueApp.app/HueApp";
				FRAMEWORK_SEARCH_PATHS = (
					"$(SDKROOT)/Developer/Library/Frameworks",
					"$(inherited)",
					"$(DEVELOPER_FRAMEWORKS_DIR)",
				);
				GCC_PRECOMPILE_PREFIX_HEADER = YES;
				GCC_PREFIX_HEADER = "HueApp/HueApp-Prefix.pch";
				INFOPLIST_FILE = "HueAppTests/HueAppTests-Info.plist";
				PRODUCT_NAME = "$(TARGET_NAME)";
				TEST_HOST = "$(BUNDLE_LOADER)";
				WRAPPER_EXTENSION = xctest;
			};
			name = Release;
		};
		9B5D0A00189243D700C88AD2 /* Debug */ = {
			isa = XCBuildConfiguration;
			baseConfigurationReference = 5480CDD9D67541758A419852 /* Pods-HueAppTest.xcconfig */;
			buildSettings = {
				ASSETCATALOG_COMPILER_APPICON_NAME = AppIcon;
				ASSETCATALOG_COMPILER_LAUNCHIMAGE_NAME = LaunchImage;
				GCC_PRECOMPILE_PREFIX_HEADER = YES;
				GCC_PREFIX_HEADER = "HueApp/HueApp-Prefix.pch";
				INFOPLIST_FILE = "$(SRCROOT)/HueApp/HueAppTest-Info.plist";
				PRODUCT_NAME = "HueApp Test";
				WRAPPER_EXTENSION = app;
			};
			name = Debug;
		};
		9B5D0A01189243D700C88AD2 /* Release */ = {
			isa = XCBuildConfiguration;
			baseConfigurationReference = 5480CDD9D67541758A419852 /* Pods-HueAppTest.xcconfig */;
			buildSettings = {
				ASSETCATALOG_COMPILER_APPICON_NAME = AppIcon;
				ASSETCATALOG_COMPILER_LAUNCHIMAGE_NAME = LaunchImage;
				GCC_PRECOMPILE_PREFIX_HEADER = YES;
				GCC_PREFIX_HEADER = "HueApp/HueApp-Prefix.pch";
				GCC_PREPROCESSOR_DEFINITIONS = (
					"$(inherited)",
					"COCOAPODS=1",
					"TESTFLIGHT=1",
				);
				INFOPLIST_FILE = "$(SRCROOT)/HueApp/HueAppTest-Info.plist";
				PRODUCT_NAME = "HueApp Test";
				WRAPPER_EXTENSION = app;
			};
			name = Release;
		};
/* End XCBuildConfiguration section */

/* Begin XCConfigurationList section */
		9B5D09B1189243CD00C88AD2 /* Build configuration list for PBXProject "HueApp" */ = {
			isa = XCConfigurationList;
			buildConfigurations = (
				9B5D09E9189243CD00C88AD2 /* Debug */,
				9B5D09EA189243CD00C88AD2 /* Release */,
			);
			defaultConfigurationIsVisible = 0;
			defaultConfigurationName = Release;
		};
		9B5D09EB189243CD00C88AD2 /* Build configuration list for PBXNativeTarget "HueApp" */ = {
			isa = XCConfigurationList;
			buildConfigurations = (
				9B5D09EC189243CD00C88AD2 /* Debug */,
				9B5D09ED189243CD00C88AD2 /* Release */,
			);
			defaultConfigurationIsVisible = 0;
			defaultConfigurationName = Release;
		};
		9B5D09EE189243CD00C88AD2 /* Build configuration list for PBXNativeTarget "HueAppTests" */ = {
			isa = XCConfigurationList;
			buildConfigurations = (
				9B5D09EF189243CD00C88AD2 /* Debug */,
				9B5D09F0189243CD00C88AD2 /* Release */,
			);
			defaultConfigurationIsVisible = 0;
			defaultConfigurationName = Release;
		};
		9B5D09FF189243D700C88AD2 /* Build configuration list for PBXNativeTarget "HueAppTest" */ = {
			isa = XCConfigurationList;
			buildConfigurations = (
				9B5D0A00189243D700C88AD2 /* Debug */,
				9B5D0A01189243D700C88AD2 /* Release */,
			);
			defaultConfigurationIsVisible = 0;
			defaultConfigurationName = Release;
		};
/* End XCConfigurationList section */
	};
	rootObject = 9B5D09AE189243CD00C88AD2 /* Project object */;
}
